
Microsoft Visual Studio Solution File, Format Version 12.00
# Visual Studio Version 17
VisualStudioVersion = 17.3.32929.385
MinimumVisualStudioVersion = 10.0.40219.1
Project("{FAE04EC0-301F-11D3-BF4B-00C04F79EFBC}") = "Vista", "Vista\Vista.csproj", "{66B37990-C411-48C0-BE28-144EAE522DA5}"
EndProject
Project("{FAE04EC0-301F-11D3-BF4B-00C04F79EFBC}") = "Datos", "Datos\Datos.csproj", "{A69B8345-2E79-4D4E-9A9A-2A96E74FDBCD}"
EndProject
Project("{FAE04EC0-301F-11D3-BF4B-00C04F79EFBC}") = "Entidades", "Entidades\Entidades.csproj", "{CFFFA7CA-D168-49BD-8D2C-8BD2B84C58F4}"
EndProject
Global
	GlobalSection(SolutionConfigurationPlatforms) = preSolution
		Debug|Any CPU = Debug|Any CPU
		Release|Any CPU = Release|Any CPU
	EndGlobalSection
	GlobalSection(ProjectConfigurationPlatforms) = postSolution
		{66B37990-C411-48C0-BE28-144EAE522DA5}.Debug|Any CPU.ActiveCfg = Debug|Any CPU
		{66B37990-C411-48C0-BE28-144EAE522DA5}.Debug|Any CPU.Build.0 = Debug|Any CPU
		{66B37990-C411-48C0-BE28-144EAE522DA5}.Release|Any CPU.ActiveCfg = Release|Any CPU
		{66B37990-C411-48C0-BE28-144EAE522DA5}.Release|Any CPU.Build.0 = Release|Any CPU
		{A69B8345-2E79-4D4E-9A9A-2A96E74FDBCD}.Debug|Any CPU.ActiveCfg = Debug|Any CPU
		{A69B8345-2E79-4D4E-9A9A-2A96E74FDBCD}.Debug|Any CPU.Build.0 = Debug|Any CPU
		{A69B8345-2E79-4D4E-9A9A-2A96E74FDBCD}.Release|Any CPU.ActiveCfg = Release|Any CPU
		{A69B8345-2E79-4D4E-9A9A-2A96E74FDBCD}.Release|Any CPU.Build.0 = Release|Any CPU
		{CFFFA7CA-D168-49BD-8D2C-8BD2B84C58F4}.Debug|Any CPU.ActiveCfg = Debug|Any CPU
		{CFFFA7CA-D168-49BD-8D2C-8BD2B84C58F4}.Debug|Any CPU.Build.0 = Debug|Any CPU
		{CFFFA7CA-D168-49BD-8D2C-8BD2B84C58F4}.Release|Any CPU.ActiveCfg = Release|Any CPU
		{CFFFA7CA-D168-49BD-8D2C-8BD2B84C58F4}.Release|Any CPU.Build.0 = Release|Any CPU
	EndGlobalSection
	GlobalSection(SolutionProperties) = preSolution
		HideSolutionNode = FALSE
	EndGlobalSection
	GlobalSection(ExtensibilityGlobals) = postSolution
		SolutionGuid = {F351E7B0-7944-4438-B853-5ABE0316BE46}
	EndGlobalSection
EndGlobal
